
Microsoft Visual Studio Solution File, Format Version 12.00
# Visual Studio Version 16
VisualStudioVersion = 16.0.30523.141
MinimumVisualStudioVersion = 10.0.40219.1
Project("{FAE04EC0-301F-11D3-BF4B-00C04F79EFBC}") = "SistemaPermiso.Api", "SistemaPermiso\SistemaPermiso.Api.csproj", "{D64146AA-6795-4C0D-A422-8194FE51AAB3}"
EndProject
Project("{FAE04EC0-301F-11D3-BF4B-00C04F79EFBC}") = "SistemaPermiso.Core", "SistemaPermiso.Core\SistemaPermiso.Core.csproj", "{51F25201-FFD1-4B14-99F6-BF84E23B5318}"
EndProject
Project("{FAE04EC0-301F-11D3-BF4B-00C04F79EFBC}") = "SistemaPermiso.Infraestructure", "SistemaPermiso.Infraestructure\SistemaPermiso.Infraestructure.csproj", "{7DC56897-CEC8-430A-B054-3F1B1259608B}"
EndProject
Global
	GlobalSection(SolutionConfigurationPlatforms) = preSolution
		Debug|Any CPU = Debug|Any CPU
		Release|Any CPU = Release|Any CPU
	EndGlobalSection
	GlobalSection(ProjectConfigurationPlatforms) = postSolution
		{D64146AA-6795-4C0D-A422-8194FE51AAB3}.Debug|Any CPU.ActiveCfg = Debug|Any CPU
		{D64146AA-6795-4C0D-A422-8194FE51AAB3}.Debug|Any CPU.Build.0 = Debug|Any CPU
		{D64146AA-6795-4C0D-A422-8194FE51AAB3}.Release|Any CPU.ActiveCfg = Release|Any CPU
		{D64146AA-6795-4C0D-A422-8194FE51AAB3}.Release|Any CPU.Build.0 = Release|Any CPU
		{51F25201-FFD1-4B14-99F6-BF84E23B5318}.Debug|Any CPU.ActiveCfg = Debug|Any CPU
		{51F25201-FFD1-4B14-99F6-BF84E23B5318}.Debug|Any CPU.Build.0 = Debug|Any CPU
		{51F25201-FFD1-4B14-99F6-BF84E23B5318}.Release|Any CPU.ActiveCfg = Release|Any CPU
		{51F25201-FFD1-4B14-99F6-BF84E23B5318}.Release|Any CPU.Build.0 = Release|Any CPU
		{7DC56897-CEC8-430A-B054-3F1B1259608B}.Debug|Any CPU.ActiveCfg = Debug|Any CPU
		{7DC56897-CEC8-430A-B054-3F1B1259608B}.Debug|Any CPU.Build.0 = Debug|Any CPU
		{7DC56897-CEC8-430A-B054-3F1B1259608B}.Release|Any CPU.ActiveCfg = Release|Any CPU
		{7DC56897-CEC8-430A-B054-3F1B1259608B}.Release|Any CPU.Build.0 = Release|Any CPU
	EndGlobalSection
	GlobalSection(SolutionProperties) = preSolution
		HideSolutionNode = FALSE
	EndGlobalSection
	GlobalSection(ExtensibilityGlobals) = postSolution
		SolutionGuid = {963E9F7F-73EF-41CF-BA8D-8B01DF1D55DF}
	EndGlobalSection
EndGlobal
